
Microsoft Visual Studio Solution File, Format Version 12.00
# Visual Studio Version 17
VisualStudioVersion = 17.9.34723.18
MinimumVisualStudioVersion = 10.0.40219.1
Project("{9A19103F-16F7-4668-BE54-9A1E7A4F7556}") = "FluentApiDemo", "FluentApiDemo\FluentApiDemo.csproj", "{C74C97BD-41DC-4D5B-A7CF-A15729B9AEB8}"
EndProject
Project("{2150E333-8FDC-42A3-9474-1A3956D46DE8}") = "Solution Items", "Solution Items", "{C2F5D1F5-FCB1-4059-AD7A-4109B4BCE48D}"
	ProjectSection(SolutionItems) = preProject
		.gitattributes = .gitattributes
		.gitignore = .gitignore
		Fluent.drawio = Fluent.drawio
		LICENSE = LICENSE
		README.md = README.md
	EndProjectSection
EndProject
Project("{FAE04EC0-301F-11D3-BF4B-00C04F79EFBC}") = "Test", "Test\Test.csproj", "{37747188-AC01-419B-A9D6-0E592B22663D}"
EndProject
Global
	GlobalSection(SolutionConfigurationPlatforms) = preSolution
		Debug|Any CPU = Debug|Any CPU
		Release|Any CPU = Release|Any CPU
	EndGlobalSection
	GlobalSection(ProjectConfigurationPlatforms) = postSolution
		{C74C97BD-41DC-4D5B-A7CF-A15729B9AEB8}.Debug|Any CPU.ActiveCfg = Debug|Any CPU
		{C74C97BD-41DC-4D5B-A7CF-A15729B9AEB8}.Debug|Any CPU.Build.0 = Debug|Any CPU
		{C74C97BD-41DC-4D5B-A7CF-A15729B9AEB8}.Release|Any CPU.ActiveCfg = Release|Any CPU
		{C74C97BD-41DC-4D5B-A7CF-A15729B9AEB8}.Release|Any CPU.Build.0 = Release|Any CPU
		{37747188-AC01-419B-A9D6-0E592B22663D}.Debug|Any CPU.ActiveCfg = Debug|Any CPU
		{37747188-AC01-419B-A9D6-0E592B22663D}.Debug|Any CPU.Build.0 = Debug|Any CPU
		{37747188-AC01-419B-A9D6-0E592B22663D}.Release|Any CPU.ActiveCfg = Release|Any CPU
		{37747188-AC01-419B-A9D6-0E592B22663D}.Release|Any CPU.Build.0 = Release|Any CPU
	EndGlobalSection
	GlobalSection(SolutionProperties) = preSolution
		HideSolutionNode = FALSE
	EndGlobalSection
	GlobalSection(ExtensibilityGlobals) = postSolution
		SolutionGuid = {82557577-32DF-4B8F-9256-978CD9EA5138}
	EndGlobalSection
EndGlobal
